
Microsoft Visual Studio Solution File, Format Version 12.00
# Visual Studio Version 17
VisualStudioVersion = 17.0.31903.59
MinimumVisualStudioVersion = 10.0.40219.1
Project("{2150E333-8FDC-42A3-9474-1A3956D46DE8}") = "src", "src", "{827E0CD3-B72D-47B6-A68D-7590B98EB39B}"
EndProject
Project("{FAE04EC0-301F-11D3-BF4B-00C04F79EFBC}") = "HospitalManagement.API", "src\HospitalManagement.API\HospitalManagement.API.csproj", "{64EA35E9-9D0A-4F0B-BDB9-DBC3160AC2BB}"
EndProject
Project("{FAE04EC0-301F-11D3-BF4B-00C04F79EFBC}") = "HospitalManagement.Application", "src\HospitalManagement.Application\HospitalManagement.Application.csproj", "{851E94DE-7A67-41AD-B869-376B1D437144}"
EndProject
Project("{FAE04EC0-301F-11D3-BF4B-00C04F79EFBC}") = "HospitalManagement.Domain", "src\HospitalManagement.Domain\HospitalManagement.Domain.csproj", "{B2C6384B-E041-4E42-937A-45C8E936FF77}"
EndProject
Project("{FAE04EC0-301F-11D3-BF4B-00C04F79EFBC}") = "HospitalManagement.Infrastructure", "src\HospitalManagement.Infrastructure\HospitalManagement.Infrastructure.csproj", "{556645A2-CB38-4BC6-AA50-404E2B183C75}"
EndProject
Project("{FAE04EC0-301F-11D3-BF4B-00C04F79EFBC}") = "HospitalManagement.Shared", "src\HospitalManagement.Shared\HospitalManagement.Shared.csproj", "{E18B5741-0975-4965-828E-2F2769E39767}"
EndProject
Project("{2150E333-8FDC-42A3-9474-1A3956D46DE8}") = "tests", "tests", "{0AB3BF05-4346-4AA6-1389-037BE0695223}"
EndProject
Project("{FAE04EC0-301F-11D3-BF4B-00C04F79EFBC}") = "HospitalManagement.Tests", "tests\HospitalManagement.Tests\HospitalManagement.Tests.csproj", "{F812411E-6DC4-4C1E-AC2B-397C140C8DE8}"
EndProject
Global
	GlobalSection(SolutionConfigurationPlatforms) = preSolution
		Debug|Any CPU = Debug|Any CPU
		Debug|x64 = Debug|x64
		Debug|x86 = Debug|x86
		Release|Any CPU = Release|Any CPU
		Release|x64 = Release|x64
		Release|x86 = Release|x86
	EndGlobalSection
	GlobalSection(ProjectConfigurationPlatforms) = postSolution
		{64EA35E9-9D0A-4F0B-BDB9-DBC3160AC2BB}.Debug|Any CPU.ActiveCfg = Debug|Any CPU
		{64EA35E9-9D0A-4F0B-BDB9-DBC3160AC2BB}.Debug|Any CPU.Build.0 = Debug|Any CPU
		{64EA35E9-9D0A-4F0B-BDB9-DBC3160AC2BB}.Debug|x64.ActiveCfg = Debug|Any CPU
		{64EA35E9-9D0A-4F0B-BDB9-DBC3160AC2BB}.Debug|x64.Build.0 = Debug|Any CPU
		{64EA35E9-9D0A-4F0B-BDB9-DBC3160AC2BB}.Debug|x86.ActiveCfg = Debug|Any CPU
		{64EA35E9-9D0A-4F0B-BDB9-DBC3160AC2BB}.Debug|x86.Build.0 = Debug|Any CPU
		{64EA35E9-9D0A-4F0B-BDB9-DBC3160AC2BB}.Release|Any CPU.ActiveCfg = Release|Any CPU
		{64EA35E9-9D0A-4F0B-BDB9-DBC3160AC2BB}.Release|Any CPU.Build.0 = Release|Any CPU
		{64EA35E9-9D0A-4F0B-BDB9-DBC3160AC2BB}.Release|x64.ActiveCfg = Release|Any CPU
		{64EA35E9-9D0A-4F0B-BDB9-DBC3160AC2BB}.Release|x64.Build.0 = Release|Any CPU
		{64EA35E9-9D0A-4F0B-BDB9-DBC3160AC2BB}.Release|x86.ActiveCfg = Release|Any CPU
		{64EA35E9-9D0A-4F0B-BDB9-DBC3160AC2BB}.Release|x86.Build.0 = Release|Any CPU
		{851E94DE-7A67-41AD-B869-376B1D437144}.Debug|Any CPU.ActiveCfg = Debug|Any CPU
		{851E94DE-7A67-41AD-B869-376B1D437144}.Debug|Any CPU.Build.0 = Debug|Any CPU
		{851E94DE-7A67-41AD-B869-376B1D437144}.Debug|x64.ActiveCfg = Debug|Any CPU
		{851E94DE-7A67-41AD-B869-376B1D437144}.Debug|x64.Build.0 = Debug|Any CPU
		{851E94DE-7A67-41AD-B869-376B1D437144}.Debug|x86.ActiveCfg = Debug|Any CPU
		{851E94DE-7A67-41AD-B869-376B1D437144}.Debug|x86.Build.0 = Debug|Any CPU
		{851E94DE-7A67-41AD-B869-376B1D437144}.Release|Any CPU.ActiveCfg = Release|Any CPU
		{851E94DE-7A67-41AD-B869-376B1D437144}.Release|Any CPU.Build.0 = Release|Any CPU
		{851E94DE-7A67-41AD-B869-376B1D437144}.Release|x64.ActiveCfg = Release|Any CPU
		{851E94DE-7A67-41AD-B869-376B1D437144}.Release|x64.Build.0 = Release|Any CPU
		{851E94DE-7A67-41AD-B869-376B1D437144}.Release|x86.ActiveCfg = Release|Any CPU
		{851E94DE-7A67-41AD-B869-376B1D437144}.Release|x86.Build.0 = Release|Any CPU
		{B2C6384B-E041-4E42-937A-45C8E936FF77}.Debug|Any CPU.ActiveCfg = Debug|Any CPU
		{B2C6384B-E041-4E42-937A-45C8E936FF77}.Debug|Any CPU.Build.0 = Debug|Any CPU
		{B2C6384B-E041-4E42-937A-45C8E936FF77}.Debug|x64.ActiveCfg = Debug|Any CPU
		{B2C6384B-E041-4E42-937A-45C8E936FF77}.Debug|x64.Build.0 = Debug|Any CPU
		{B2C6384B-E041-4E42-937A-45C8E936FF77}.Debug|x86.ActiveCfg = Debug|Any CPU
		{B2C6384B-E041-4E42-937A-45C8E936FF77}.Debug|x86.Build.0 = Debug|Any CPU
		{B2C6384B-E041-4E42-937A-45C8E936FF77}.Release|Any CPU.ActiveCfg = Release|Any CPU
		{B2C6384B-E041-4E42-937A-45C8E936FF77}.Release|Any CPU.Build.0 = Release|Any CPU
		{B2C6384B-E041-4E42-937A-45C8E936FF77}.Release|x64.ActiveCfg = Release|Any CPU
		{B2C6384B-E041-4E42-937A-45C8E936FF77}.Release|x64.Build.0 = Release|Any CPU
		{B2C6384B-E041-4E42-937A-45C8E936FF77}.Release|x86.ActiveCfg = Release|Any CPU
		{B2C6384B-E041-4E42-937A-45C8E936FF77}.Release|x86.Build.0 = Release|Any CPU
		{556645A2-CB38-4BC6-AA50-404E2B183C75}.Debug|Any CPU.ActiveCfg = Debug|Any CPU
		{556645A2-CB38-4BC6-AA50-404E2B183C75}.Debug|Any CPU.Build.0 = Debug|Any CPU
		{556645A2-CB38-4BC6-AA50-404E2B183C75}.Debug|x64.ActiveCfg = Debug|Any CPU
		{556645A2-CB38-4BC6-AA50-404E2B183C75}.Debug|x64.Build.0 = Debug|Any CPU
		{556645A2-CB38-4BC6-AA50-404E2B183C75}.Debug|x86.ActiveCfg = Debug|Any CPU
		{556645A2-CB38-4BC6-AA50-404E2B183C75}.Debug|x86.Build.0 = Debug|Any CPU
		{556645A2-CB38-4BC6-AA50-404E2B183C75}.Release|Any CPU.ActiveCfg = Release|Any CPU
		{556645A2-CB38-4BC6-AA50-404E2B183C75}.Release|Any CPU.Build.0 = Release|Any CPU
		{556645A2-CB38-4BC6-AA50-404E2B183C75}.Release|x64.ActiveCfg = Release|Any CPU
		{556645A2-CB38-4BC6-AA50-404E2B183C75}.Release|x64.Build.0 = Release|Any CPU
		{556645A2-CB38-4BC6-AA50-404E2B183C75}.Release|x86.ActiveCfg = Release|Any CPU
		{556645A2-CB38-4BC6-AA50-404E2B183C75}.Release|x86.Build.0 = Release|Any CPU
		{E18B5741-0975-4965-828E-2F2769E39767}.Debug|Any CPU.ActiveCfg = Debug|Any CPU
		{E18B5741-0975-4965-828E-2F2769E39767}.Debug|Any CPU.Build.0 = Debug|Any CPU
		{E18B5741-0975-4965-828E-2F2769E39767}.Debug|x64.ActiveCfg = Debug|Any CPU
		{E18B5741-0975-4965-828E-2F2769E39767}.Debug|x64.Build.0 = Debug|Any CPU
		{E18B5741-0975-4965-828E-2F2769E39767}.Debug|x86.ActiveCfg = Debug|Any CPU
		{E18B5741-0975-4965-828E-2F2769E39767}.Debug|x86.Build.0 = Debug|Any CPU
		{E18B5741-0975-4965-828E-2F2769E39767}.Release|Any CPU.ActiveCfg = Release|Any CPU
		{E18B5741-0975-4965-828E-2F2769E39767}.Release|Any CPU.Build.0 = Release|Any CPU
		{E18B5741-0975-4965-828E-2F2769E39767}.Release|x64.ActiveCfg = Release|Any CPU
		{E18B5741-0975-4965-828E-2F2769E39767}.Release|x64.Build.0 = Release|Any CPU
		{E18B5741-0975-4965-828E-2F2769E39767}.Release|x86.ActiveCfg = Release|Any CPU
		{E18B5741-0975-4965-828E-2F2769E39767}.Release|x86.Build.0 = Release|Any CPU
		{F812411E-6DC4-4C1E-AC2B-397C140C8DE8}.Debug|Any CPU.ActiveCfg = Debug|Any CPU
		{F812411E-6DC4-4C1E-AC2B-397C140C8DE8}.Debug|Any CPU.Build.0 = Debug|Any CPU
		{F812411E-6DC4-4C1E-AC2B-397C140C8DE8}.Debug|x64.ActiveCfg = Debug|Any CPU
		{F812411E-6DC4-4C1E-AC2B-397C140C8DE8}.Debug|x64.Build.0 = Debug|Any CPU
		{F812411E-6DC4-4C1E-AC2B-397C140C8DE8}.Debug|x86.ActiveCfg = Debug|Any CPU
		{F812411E-6DC4-4C1E-AC2B-397C140C8DE8}.Debug|x86.Build.0 = Debug|Any CPU
		{F812411E-6DC4-4C1E-AC2B-397C140C8DE8}.Release|Any CPU.ActiveCfg = Release|Any CPU
		{F812411E-6DC4-4C1E-AC2B-397C140C8DE8}.Release|Any CPU.Build.0 = Release|Any CPU
		{F812411E-6DC4-4C1E-AC2B-397C140C8DE8}.Release|x64.ActiveCfg = Release|Any CPU
		{F812411E-6DC4-4C1E-AC2B-397C140C8DE8}.Release|x64.Build.0 = Release|Any CPU
		{F812411E-6DC4-4C1E-AC2B-397C140C8DE8}.Release|x86.ActiveCfg = Release|Any CPU
		{F812411E-6DC4-4C1E-AC2B-397C140C8DE8}.Release|x86.Build.0 = Release|Any CPU
	EndGlobalSection
	GlobalSection(SolutionProperties) = preSolution
		HideSolutionNode = FALSE
	EndGlobalSection
	GlobalSection(NestedProjects) = preSolution
		{64EA35E9-9D0A-4F0B-BDB9-DBC3160AC2BB} = {827E0CD3-B72D-47B6-A68D-7590B98EB39B}
		{851E94DE-7A67-41AD-B869-376B1D437144} = {827E0CD3-B72D-47B6-A68D-7590B98EB39B}
		{B2C6384B-E041-4E42-937A-45C8E936FF77} = {827E0CD3-B72D-47B6-A68D-7590B98EB39B}
		{556645A2-CB38-4BC6-AA50-404E2B183C75} = {827E0CD3-B72D-47B6-A68D-7590B98EB39B}
		{E18B5741-0975-4965-828E-2F2769E39767} = {827E0CD3-B72D-47B6-A68D-7590B98EB39B}
		{F812411E-6DC4-4C1E-AC2B-397C140C8DE8} = {0AB3BF05-4346-4AA6-1389-037BE0695223}
	EndGlobalSection
EndGlobal
